// !$*UTF8*$!
{
	archiveVersion = 1;
	classes = {
	};
	objectVersion = 46;
	objects = {

/* Begin PBXBuildFile section */
		42DE58DF1C78312E006D047F /* AppDelegate.swift in Sources */ = {isa = PBXBuildFile; fileRef = 42DE58DE1C78312E006D047F /* AppDelegate.swift */; };
		42DE58E41C78312E006D047F /* Main.storyboard in Resources */ = {isa = PBXBuildFile; fileRef = 42DE58E21C78312E006D047F /* Main.storyboard */; };
		42DE58E71C78312E006D047F /* DeshiRecipe.xcdatamodeld in Sources */ = {isa = PBXBuildFile; fileRef = 42DE58E51C78312E006D047F /* DeshiRecipe.xcdatamodeld */; };
		42DE58E91C78312E006D047F /* Assets.xcassets in Resources */ = {isa = PBXBuildFile; fileRef = 42DE58E81C78312E006D047F /* Assets.xcassets */; };
		42DE58EC1C78312E006D047F /* LaunchScreen.storyboard in Resources */ = {isa = PBXBuildFile; fileRef = 42DE58EA1C78312E006D047F /* LaunchScreen.storyboard */; };
		42DE58F71C78312E006D047F /* DeshiRecipeTests.swift in Sources */ = {isa = PBXBuildFile; fileRef = 42DE58F61C78312E006D047F /* DeshiRecipeTests.swift */; };
		42DE59021C78312E006D047F /* DeshiRecipeUITests.swift in Sources */ = {isa = PBXBuildFile; fileRef = 42DE59011C78312E006D047F /* DeshiRecipeUITests.swift */; };
		42DE59101C783555006D047F /* DeshiRecipeViewController.swift in Sources */ = {isa = PBXBuildFile; fileRef = 42DE590F1C783555006D047F /* DeshiRecipeViewController.swift */; };
		42DE59121C78356D006D047F /* AddRecipeViewController.swift in Sources */ = {isa = PBXBuildFile; fileRef = 42DE59111C78356D006D047F /* AddRecipeViewController.swift */; };
		42DE59141C78357C006D047F /* DetailsRecipeViewController.swift in Sources */ = {isa = PBXBuildFile; fileRef = 42DE59131C78357C006D047F /* DetailsRecipeViewController.swift */; };
		42DE59161C7835A0006D047F /* RecipeListTableViewCell.swift in Sources */ = {isa = PBXBuildFile; fileRef = 42DE59151C7835A0006D047F /* RecipeListTableViewCell.swift */; };
		42DE591A1C79302D006D047F /* Recipe.swift in Sources */ = {isa = PBXBuildFile; fileRef = 42DE59191C79302D006D047F /* Recipe.swift */; };
		42DE591C1C79308C006D047F /* RecipeManager.swift in Sources */ = {isa = PBXBuildFile; fileRef = 42DE591B1C79308C006D047F /* RecipeManager.swift */; };
		42DE591E1C7A20DF006D047F /* NSUserDefaultsManager.swift in Sources */ = {isa = PBXBuildFile; fileRef = 42DE591D1C7A20DF006D047F /* NSUserDefaultsManager.swift */; };
/* End PBXBuildFile section */

/* Begin PBXContainerItemProxy section */
		42DE58F31C78312E006D047F /* PBXContainerItemProxy */ = {
			isa = PBXContainerItemProxy;
			containerPortal = 42DE58D31C78312E006D047F /* Project object */;
			proxyType = 1;
			remoteGlobalIDString = 42DE58DA1C78312E006D047F;
			remoteInfo = DeshiRecipe;
		};
		42DE58FE1C78312E006D047F /* PBXContainerItemProxy */ = {
			isa = PBXContainerItemProxy;
			containerPortal = 42DE58D31C78312E006D047F /* Project object */;
			proxyType = 1;
			remoteGlobalIDString = 42DE58DA1C78312E006D047F;
			remoteInfo = DeshiRecipe;
		};
/* End PBXContainerItemProxy section */

/* Begin PBXFileReference section */
		42DE58DB1C78312E006D047F /* DeshiRecipe.app */ = {isa = PBXFileReference; explicitFileType = wrapper.application; includeInIndex = 0; path = DeshiRecipe.app; sourceTree = BUILT_PRODUCTS_DIR; };
		42DE58DE1C78312E006D047F /* AppDelegate.swift */ = {isa = PBXFileReference; lastKnownFileType = sourcecode.swift; path = AppDelegate.swift; sourceTree = "<group>"; };
		42DE58E31C78312E006D047F /* Base */ = {isa = PBXFileReference; lastKnownFileType = file.storyboard; name = Base; path = Base.lproj/Main.storyboard; sourceTree = "<group>"; };
		42DE58E61C78312E006D047F /* DeshiRecipe.xcdatamodel */ = {isa = PBXFileReference; lastKnownFileType = wrapper.xcdatamodel; path = DeshiRecipe.xcdatamodel; sourceTree = "<group>"; };
		42DE58E81C78312E006D047F /* Assets.xcassets */ = {isa = PBXFileReference; lastKnownFileType = folder.assetcatalog; path = Assets.xcassets; sourceTree = "<group>"; };
		42DE58EB1C78312E006D047F /* Base */ = {isa = PBXFileReference; lastKnownFileType = file.storyboard; name = Base; path = Base.lproj/LaunchScreen.storyboard; sourceTree = "<group>"; };
		42DE58ED1C78312E006D047F /* Info.plist */ = {isa = PBXFileReference; lastKnownFileType = text.plist.xml; path = Info.plist; sourceTree = "<group>"; };
		42DE58F21C78312E006D047F /* DeshiRecipeTests.xctest */ = {isa = PBXFileReference; explicitFileType = wrapper.cfbundle; includeInIndex = 0; path = DeshiRecipeTests.xctest; sourceTree = BUILT_PRODUCTS_DIR; };
		42DE58F61C78312E006D047F /* DeshiRecipeTests.swift */ = {isa = PBXFileReference; lastKnownFileType = sourcecode.swift; path = DeshiRecipeTests.swift; sourceTree = "<group>"; };
		42DE58F81C78312E006D047F /* Info.plist */ = {isa = PBXFileReference; lastKnownFileType = text.plist.xml; path = Info.plist; sourceTree = "<group>"; };
		42DE58FD1C78312E006D047F /* DeshiRecipeUITests.xctest */ = {isa = PBXFileReference; explicitFileType = wrapper.cfbundle; includeInIndex = 0; path = DeshiRecipeUITests.xctest; sourceTree = BUILT_PRODUCTS_DIR; };
		42DE59011C78312E006D047F /* DeshiRecipeUITests.swift */ = {isa = PBXFileReference; lastKnownFileType = sourcecode.swift; path = DeshiRecipeUITests.swift; sourceTree = "<group>"; };
		42DE59031C78312E006D047F /* Info.plist */ = {isa = PBXFileReference; lastKnownFileType = text.plist.xml; path = Info.plist; sourceTree = "<group>"; };
		42DE590F1C783555006D047F /* DeshiRecipeViewController.swift */ = {isa = PBXFileReference; fileEncoding = 4; lastKnownFileType = sourcecode.swift; path = DeshiRecipeViewController.swift; sourceTree = "<group>"; };
		42DE59111C78356D006D047F /* AddRecipeViewController.swift */ = {isa = PBXFileReference; fileEncoding = 4; lastKnownFileType = sourcecode.swift; path = AddRecipeViewController.swift; sourceTree = "<group>"; };
		42DE59131C78357C006D047F /* DetailsRecipeViewController.swift */ = {isa = PBXFileReference; fileEncoding = 4; lastKnownFileType = sourcecode.swift; path = DetailsRecipeViewController.swift; sourceTree = "<group>"; };
		42DE59151C7835A0006D047F /* RecipeListTableViewCell.swift */ = {isa = PBXFileReference; fileEncoding = 4; lastKnownFileType = sourcecode.swift; path = RecipeListTableViewCell.swift; sourceTree = "<group>"; };
		42DE59191C79302D006D047F /* Recipe.swift */ = {isa = PBXFileReference; fileEncoding = 4; lastKnownFileType = sourcecode.swift; path = Recipe.swift; sourceTree = "<group>"; };
		42DE591B1C79308C006D047F /* RecipeManager.swift */ = {isa = PBXFileReference; fileEncoding = 4; lastKnownFileType = sourcecode.swift; path = RecipeManager.swift; sourceTree = "<group>"; };
		42DE591D1C7A20DF006D047F /* NSUserDefaultsManager.swift */ = {isa = PBXFileReference; fileEncoding = 4; lastKnownFileType = sourcecode.swift; path = NSUserDefaultsManager.swift; sourceTree = "<group>"; };
/* End PBXFileReference section */

/* Begin PBXFrameworksBuildPhase section */
		42DE58D81C78312E006D047F /* Frameworks */ = {
			isa = PBXFrameworksBuildPhase;
			buildActionMask = 2147483647;
			files = (
			);
			runOnlyForDeploymentPostprocessing = 0;
		};
		42DE58EF1C78312E006D047F /* Frameworks */ = {
			isa = PBXFrameworksBuildPhase;
			buildActionMask = 2147483647;
			files = (
			);
			runOnlyForDeploymentPostprocessing = 0;
		};
		42DE58FA1C78312E006D047F /* Frameworks */ = {
			isa = PBXFrameworksBuildPhase;
			buildActionMask = 2147483647;
			files = (
			);
			runOnlyForDeploymentPostprocessing = 0;
		};
/* End PBXFrameworksBuildPhase section */

/* Begin PBXGroup section */
		42DE58D21C78312E006D047F = {
			isa = PBXGroup;
			children = (
				42DE58DD1C78312E006D047F /* DeshiRecipe */,
				42DE58F51C78312E006D047F /* DeshiRecipeTests */,
				42DE59001C78312E006D047F /* DeshiRecipeUITests */,
				42DE58DC1C78312E006D047F /* Products */,
			);
			sourceTree = "<group>";
		};
		42DE58DC1C78312E006D047F /* Products */ = {
			isa = PBXGroup;
			children = (
				42DE58DB1C78312E006D047F /* DeshiRecipe.app */,
				42DE58F21C78312E006D047F /* DeshiRecipeTests.xctest */,
				42DE58FD1C78312E006D047F /* DeshiRecipeUITests.xctest */,
			);
			name = Products;
			sourceTree = "<group>";
		};
		42DE58DD1C78312E006D047F /* DeshiRecipe */ = {
			isa = PBXGroup;
			children = (
				42DE58DE1C78312E006D047F /* AppDelegate.swift */,
				42DE58E21C78312E006D047F /* Main.storyboard */,
				42DE59151C7835A0006D047F /* RecipeListTableViewCell.swift */,
				42DE59191C79302D006D047F /* Recipe.swift */,
				42DE591D1C7A20DF006D047F /* NSUserDefaultsManager.swift */,
				42DE591B1C79308C006D047F /* RecipeManager.swift */,
				42DE590F1C783555006D047F /* DeshiRecipeViewController.swift */,
				42DE59131C78357C006D047F /* DetailsRecipeViewController.swift */,
				42DE59111C78356D006D047F /* AddRecipeViewController.swift */,
				42DE58E81C78312E006D047F /* Assets.xcassets */,
				42DE58EA1C78312E006D047F /* LaunchScreen.storyboard */,
				42DE58ED1C78312E006D047F /* Info.plist */,
				42DE58E51C78312E006D047F /* DeshiRecipe.xcdatamodeld */,
			);
			path = DeshiRecipe;
			sourceTree = "<group>";
		};
		42DE58F51C78312E006D047F /* DeshiRecipeTests */ = {
			isa = PBXGroup;
			children = (
				42DE58F61C78312E006D047F /* DeshiRecipeTests.swift */,
				42DE58F81C78312E006D047F /* Info.plist */,
			);
			path = DeshiRecipeTests;
			sourceTree = "<group>";
		};
		42DE59001C78312E006D047F /* DeshiRecipeUITests */ = {
			isa = PBXGroup;
			children = (
				42DE59011C78312E006D047F /* DeshiRecipeUITests.swift */,
				42DE59031C78312E006D047F /* Info.plist */,
			);
			path = DeshiRecipeUITests;
			sourceTree = "<group>";
		};
/* End PBXGroup section */

/* Begin PBXNativeTarget section */
		42DE58DA1C78312E006D047F /* DeshiRecipe */ = {
			isa = PBXNativeTarget;
			buildConfigurationList = 42DE59061C78312E006D047F /* Build configuration list for PBXNativeTarget "DeshiRecipe" */;
			buildPhases = (
				42DE58D71C78312E006D047F /* Sources */,
				42DE58D81C78312E006D047F /* Frameworks */,
				42DE58D91C78312E006D047F /* Resources */,
			);
			buildRules = (
			);
			dependencies = (
			);
			name = DeshiRecipe;
			productName = DeshiRecipe;
			productReference = 42DE58DB1C78312E006D047F /* DeshiRecipe.app */;
			productType = "com.apple.product-type.application";
		};
		42DE58F11C78312E006D047F /* DeshiRecipeTests */ = {
			isa = PBXNativeTarget;
			buildConfigurationList = 42DE59091C78312E006D047F /* Build configuration list for PBXNativeTarget "DeshiRecipeTests" */;
			buildPhases = (
				42DE58EE1C78312E006D047F /* Sources */,
				42DE58EF1C78312E006D047F /* Frameworks */,
				42DE58F01C78312E006D047F /* Resources */,
			);
			buildRules = (
			);
			dependencies = (
				42DE58F41C78312E006D047F /* PBXTargetDependency */,
			);
			name = DeshiRecipeTests;
			productName = DeshiRecipeTests;
			productReference = 42DE58F21C78312E006D047F /* DeshiRecipeTests.xctest */;
			productType = "com.apple.product-type.bundle.unit-test";
		};
		42DE58FC1C78312E006D047F /* DeshiRecipeUITests */ = {
			isa = PBXNativeTarget;
			buildConfigurationList = 42DE590C1C78312E006D047F /* Build configuration list for PBXNativeTarget "DeshiRecipeUITests" */;
			buildPhases = (
				42DE58F91C78312E006D047F /* Sources */,
				42DE58FA1C78312E006D047F /* Frameworks */,
				42DE58FB1C78312E006D047F /* Resources */,
			);
			buildRules = (
			);
			dependencies = (
				42DE58FF1C78312E006D047F /* PBXTargetDependency */,
			);
			name = DeshiRecipeUITests;
			productName = DeshiRecipeUITests;
			productReference = 42DE58FD1C78312E006D047F /* DeshiRecipeUITests.xctest */;
			productType = "com.apple.product-type.bundle.ui-testing";
		};
/* End PBXNativeTarget section */

/* Begin PBXProject section */
		42DE58D31C78312E006D047F /* Project object */ = {
			isa = PBXProject;
			attributes = {
				LastSwiftUpdateCheck = 0720;
				LastUpgradeCheck = 0720;
				ORGANIZATIONNAME = "Omar Faruqe";
				TargetAttributes = {
					42DE58DA1C78312E006D047F = {
						CreatedOnToolsVersion = 7.2.1;
						DevelopmentTeam = G922VPJ64L;
					};
					42DE58F11C78312E006D047F = {
						CreatedOnToolsVersion = 7.2.1;
						TestTargetID = 42DE58DA1C78312E006D047F;
					};
					42DE58FC1C78312E006D047F = {
						CreatedOnToolsVersion = 7.2.1;
						TestTargetID = 42DE58DA1C78312E006D047F;
					};
				};
			};
			buildConfigurationList = 42DE58D61C78312E006D047F /* Build configuration list for PBXProject "DeshiRecipe" */;
			compatibilityVersion = "Xcode 3.2";
			developmentRegion = English;
			hasScannedForEncodings = 0;
			knownRegions = (
				en,
				Base,
			);
			mainGroup = 42DE58D21C78312E006D047F;
			productRefGroup = 42DE58DC1C78312E006D047F /* Products */;
			projectDirPath = "";
			projectRoot = "";
			targets = (
				42DE58DA1C78312E006D047F /* DeshiRecipe */,
				42DE58F11C78312E006D047F /* DeshiRecipeTests */,
				42DE58FC1C78312E006D047F /* DeshiRecipeUITests */,
			);
		};
/* End PBXProject section */

/* Begin PBXResourcesBuildPhase section */
		42DE58D91C78312E006D047F /* Resources */ = {
			isa = PBXResourcesBuildPhase;
			buildActionMask = 2147483647;
			files = (
				42DE58EC1C78312E006D047F /* LaunchScreen.storyboard in Resources */,
				42DE58E91C78312E006D047F /* Assets.xcassets in Resources */,
				42DE58E41C78312E006D047F /* Main.storyboard in Resources */,
			);
			runOnlyForDeploymentPostprocessing = 0;
		};
		42DE58F01C78312E006D047F /* Resources */ = {
			isa = PBXResourcesBuildPhase;
			buildActionMask = 2147483647;
			files = (
			);
			runOnlyForDeploymentPostprocessing = 0;
		};
		42DE58FB1C78312E006D047F /* Resources */ = {
			isa = PBXResourcesBuildPhase;
			buildActionMask = 2147483647;
			files = (
			);
			runOnlyForDeploymentPostprocessing = 0;
		};
/* End PBXResourcesBuildPhase section */

/* Begin PBXSourcesBuildPhase section */
		42DE58D71C78312E006D047F /* Sources */ = {
			isa = PBXSourcesBuildPhase;
			buildActionMask = 2147483647;
			files = (
				42DE59121C78356D006D047F /* AddRecipeViewController.swift in Sources */,
				42DE591C1C79308C006D047F /* RecipeManager.swift in Sources */,
				42DE59141C78357C006D047F /* DetailsRecipeViewController.swift in Sources */,
				42DE591A1C79302D006D047F /* Recipe.swift in Sources */,
				42DE58E71C78312E006D047F /* DeshiRecipe.xcdatamodeld in Sources */,
				42DE591E1C7A20DF006D047F /* NSUserDefaultsManager.swift in Sources */,
				42DE59161C7835A0006D047F /* RecipeListTableViewCell.swift in Sources */,
				42DE59101C783555006D047F /* DeshiRecipeViewController.swift in Sources */,
				42DE58DF1C78312E006D047F /* AppDelegate.swift in Sources */,
			);
			runOnlyForDeploymentPostprocessing = 0;
		};
		42DE58EE1C78312E006D047F /* Sources */ = {
			isa = PBXSourcesBuildPhase;
			buildActionMask = 2147483647;
			files = (
				42DE58F71C78312E006D047F /* DeshiRecipeTests.swift in Sources */,
			);
			runOnlyForDeploymentPostprocessing = 0;
		};
		42DE58F91C78312E006D047F /* Sources */ = {
			isa = PBXSourcesBuildPhase;
			buildActionMask = 2147483647;
			files = (
				42DE59021C78312E006D047F /* DeshiRecipeUITests.swift in Sources */,
			);
			runOnlyForDeploymentPostprocessing = 0;
		};
/* End PBXSourcesBuildPhase section */

/* Begin PBXTargetDependency section */
		42DE58F41C78312E006D047F /* PBXTargetDependency */ = {
			isa = PBXTargetDependency;
			target = 42DE58DA1C78312E006D047F /* DeshiRecipe */;
			targetProxy = 42DE58F31C78312E006D047F /* PBXContainerItemProxy */;
		};
		42DE58FF1C78312E006D047F /* PBXTargetDependency */ = {
			isa = PBXTargetDependency;
			target = 42DE58DA1C78312E006D047F /* DeshiRecipe */;
			targetProxy = 42DE58FE1C78312E006D047F /* PBXContainerItemProxy */;
		};
/* End PBXTargetDependency section */

/* Begin PBXVariantGroup section */
		42DE58E21C78312E006D047F /* Main.storyboard */ = {
			isa = PBXVariantGroup;
			children = (
				42DE58E31C78312E006D047F /* Base */,
			);
			name = Main.storyboard;
			sourceTree = "<group>";
		};
		42DE58EA1C78312E006D047F /* LaunchScreen.storyboard */ = {
			isa = PBXVariantGroup;
			children = (
				42DE58EB1C78312E006D047F /* Base */,
			);
			name = LaunchScreen.storyboard;
			sourceTree = "<group>";
		};
/* End PBXVariantGroup section */

/* Begin XCBuildConfiguration section */
		42DE59041C78312E006D047F /* Debug */ = {
			isa = XCBuildConfiguration;
			buildSettings = {
				ALWAYS_SEARCH_USER_PATHS = NO;
				CLANG_CXX_LANGUAGE_STANDARD = "gnu++0x";
				CLANG_CXX_LIBRARY = "libc++";
				CLANG_ENABLE_MODULES = YES;
				CLANG_ENABLE_OBJC_ARC = YES;
				CLANG_WARN_BOOL_CONVERSION = YES;
				CLANG_WARN_CONSTANT_CONVERSION = YES;
				CLANG_WARN_DIRECT_OBJC_ISA_USAGE = YES_ERROR;
				CLANG_WARN_EMPTY_BODY = YES;
				CLANG_WARN_ENUM_CONVERSION = YES;
				CLANG_WARN_INT_CONVERSION = YES;
				CLANG_WARN_OBJC_ROOT_CLASS = YES_ERROR;
				CLANG_WARN_UNREACHABLE_CODE = YES;
				CLANG_WARN__DUPLICATE_METHOD_MATCH = YES;
				"CODE_SIGN_IDENTITY[sdk=iphoneos*]" = "iPhone Developer";
				COPY_PHASE_STRIP = NO;
				DEBUG_INFORMATION_FORMAT = dwarf;
				ENABLE_STRICT_OBJC_MSGSEND = YES;
				ENABLE_TESTABILITY = YES;
				GCC_C_LANGUAGE_STANDARD = gnu99;
				GCC_DYNAMIC_NO_PIC = NO;
				GCC_NO_COMMON_BLOCKS = YES;
				GCC_OPTIMIZATION_LEVEL = 0;
				GCC_PREPROCESSOR_DEFINITIONS = (
					"DEBUG=1",
					"$(inherited)",
				);
				GCC_WARN_64_TO_32_BIT_CONVERSION = YES;
				GCC_WARN_ABOUT_RETURN_TYPE = YES_ERROR;
				GCC_WARN_UNDECLARED_SELECTOR = YES;
				GCC_WARN_UNINITIALIZED_AUTOS = YES_AGGRESSIVE;
				GCC_WARN_UNUSED_FUNCTION = YES;
				GCC_WARN_UNUSED_VARIABLE = YES;
				IPHONEOS_DEPLOYMENT_TARGET = 9.2;
				MTL_ENABLE_DEBUG_INFO = YES;
				ONLY_ACTIVE_ARCH = YES;
				SDKROOT = iphoneos;
				SWIFT_OPTIMIZATION_LEVEL = "-Onone";
				TARGETED_DEVICE_FAMILY = "1,2";
			};
			name = Debug;
		};
		42DE59051C78312E006D047F /* Release */ = {
			isa = XCBuildConfiguration;
			buildSettings = {
				ALWAYS_SEARCH_USER_PATHS = NO;
				CLANG_CXX_LANGUAGE_STANDARD = "gnu++0x";
				CLANG_CXX_LIBRARY = "libc++";
				CLANG_ENABLE_MODULES = YES;
				CLANG_ENABLE_OBJC_ARC = YES;
				CLANG_WARN_BOOL_CONVERSION = YES;
				CLANG_WARN_CONSTANT_CONVERSION = YES;
				CLANG_WARN_DIRECT_OBJC_ISA_USAGE = YES_ERROR;
				CLANG_WARN_EMPTY_BODY = YES;
				CLANG_WARN_ENUM_CONVERSION = YES;
				CLANG_WARN_INT_CONVERSION = YES;
				CLANG_WARN_OBJC_ROOT_CLASS = YES_ERROR;
				CLANG_WARN_UNREACHABLE_CODE = YES;
				CLANG_WARN__DUPLICATE_METHOD_MATCH = YES;
				"CODE_SIGN_IDENTITY[sdk=iphoneos*]" = "iPhone Developer";
				COPY_PHASE_STRIP = NO;
				DEBUG_INFORMATION_FORMAT = "dwarf-with-dsym";
				ENABLE_NS_ASSERTIONS = NO;
				ENABLE_STRICT_OBJC_MSGSEND = YES;
				GCC_C_LANGUAGE_STANDARD = gnu99;
				GCC_NO_COMMON_BLOCKS = YES;
				GCC_WARN_64_TO_32_BIT_CONVERSION = YES;
				GCC_WARN_ABOUT_RETURN_TYPE = YES_ERROR;
				GCC_WARN_UNDECLARED_SELECTOR = YES;
				GCC_WARN_UNINITIALIZED_AUTOS = YES_AGGRESSIVE;
				GCC_WARN_UNUSED_FUNCTION = YES;
				GCC_WARN_UNUSED_VARIABLE = YES;
				IPHONEOS_DEPLOYMENT_TARGET = 9.2;
				MTL_ENABLE_DEBUG_INFO = NO;
				SDKROOT = iphoneos;
				TARGETED_DEVICE_FAMILY = "1,2";
				VALIDATE_PRODUCT = YES;
			};
			name = Release;
		};
		42DE59071C78312E006D047F /* Debug */ = {
			isa = XCBuildConfiguration;
			buildSettings = {
				ASSETCATALOG_COMPILER_APPICON_NAME = AppIcon;
				CODE_SIGN_IDENTITY = "iPhone Developer";
				INFOPLIST_FILE = DeshiRecipe/Info.plist;
				LD_RUNPATH_SEARCH_PATHS = "$(inherited) @executable_path/Frameworks";
				PRODUCT_BUNDLE_IDENTIFIER = com.omarfaruqe.DeshiRecipe;
				PRODUCT_NAME = "$(TARGET_NAME)";
			};
			name = Debug;
		};
		42DE59081C78312E006D047F /* Release */ = {
			isa = XCBuildConfiguration;
			buildSettings = {
				ASSETCATALOG_COMPILER_APPICON_NAME = AppIcon;
				CODE_SIGN_IDENTITY = "iPhone Developer";
				INFOPLIST_FILE = DeshiRecipe/Info.plist;
				LD_RUNPATH_SEARCH_PATHS = "$(inherited) @executable_path/Frameworks";
				PRODUCT_BUNDLE_IDENTIFIER = com.omarfaruqe.DeshiRecipe;
				PRODUCT_NAME = "$(TARGET_NAME)";
			};
			name = Release;
		};
		42DE590A1C78312E006D047F /* Debug */ = {
			isa = XCBuildConfiguration;
			buildSettings = {
				BUNDLE_LOADER = "$(TEST_HOST)";
				INFOPLIST_FILE = DeshiRecipeTests/Info.plist;
				LD_RUNPATH_SEARCH_PATHS = "$(inherited) @executable_path/Frameworks @loader_path/Frameworks";
				PRODUCT_BUNDLE_IDENTIFIER = com.omarfaruqe.DeshiRecipeTests;
				PRODUCT_NAME = "$(TARGET_NAME)";
				TEST_HOST = "$(BUILT_PRODUCTS_DIR)/DeshiRecipe.app/DeshiRecipe";
			};
			name = Debug;
		};
		42DE590B1C78312E006D047F /* Release */ = {
			isa = XCBuildConfiguration;
			buildSettings = {
				BUNDLE_LOADER = "$(TEST_HOST)";
				INFOPLIST_FILE = DeshiRecipeTests/Info.plist;
				LD_RUNPATH_SEARCH_PATHS = "$(inherited) @executable_path/Frameworks @loader_path/Frameworks";
				PRODUCT_BUNDLE_IDENTIFIER = com.omarfaruqe.DeshiRecipeTests;
				PRODUCT_NAME = "$(TARGET_NAME)";
				TEST_HOST = "$(BUILT_PRODUCTS_DIR)/DeshiRecipe.app/DeshiRecipe";
			};
			name = Release;
		};
		42DE590D1C78312E006D047F /* Debug */ = {
			isa = XCBuildConfiguration;
			buildSettings = {
				INFOPLIST_FILE = DeshiRecipeUITests/Info.plist;
				LD_RUNPATH_SEARCH_PATHS = "$(inherited) @executable_path/Frameworks @loader_path/Frameworks";
				PRODUCT_BUNDLE_IDENTIFIER = com.omarfaruqe.DeshiRecipeUITests;
				PRODUCT_NAME = "$(TARGET_NAME)";
				TEST_TARGET_NAME = DeshiRecipe;
				USES_XCTRUNNER = YES;
			};
			name = Debug;
		};
		42DE590E1C78312E006D047F /* Release */ = {
			isa = XCBuildConfiguration;
			buildSettings = {
				INFOPLIST_FILE = DeshiRecipeUITests/Info.plist;
				LD_RUNPATH_SEARCH_PATHS = "$(inherited) @executable_path/Frameworks @loader_path/Frameworks";
				PRODUCT_BUNDLE_IDENTIFIER = com.omarfaruqe.DeshiRecipeUITests;
				PRODUCT_NAME = "$(TARGET_NAME)";
				TEST_TARGET_NAME = DeshiRecipe;
				USES_XCTRUNNER = YES;
			};
			name = Release;
		};
/* End XCBuildConfiguration section */

/* Begin XCConfigurationList section */
		42DE58D61C78312E006D047F /* Build configuration list for PBXProject "DeshiRecipe" */ = {
			isa = XCConfigurationList;
			buildConfigurations = (
				42DE59041C78312E006D047F /* Debug */,
				42DE59051C78312E006D047F /* Release */,
			);
			defaultConfigurationIsVisible = 0;
			defaultConfigurationName = Release;
		};
		42DE59061C78312E006D047F /* Build configuration list for PBXNativeTarget "DeshiRecipe" */ = {
			isa = XCConfigurationList;
			buildConfigurations = (
				42DE59071C78312E006D047F /* Debug */,
				42DE59081C78312E006D047F /* Release */,
			);
			defaultConfigurationIsVisible = 0;
			defaultConfigurationName = Release;
		};
		42DE59091C78312E006D047F /* Build configuration list for PBXNativeTarget "DeshiRecipeTests" */ = {
			isa = XCConfigurationList;
			buildConfigurations = (
				42DE590A1C78312E006D047F /* Debug */,
				42DE590B1C78312E006D047F /* Release */,
			);
			defaultConfigurationIsVisible = 0;
			defaultConfigurationName = Release;
		};
		42DE590C1C78312E006D047F /* Build configuration list for PBXNativeTarget "DeshiRecipeUITests" */ = {
			isa = XCConfigurationList;
			buildConfigurations = (
				42DE590D1C78312E006D047F /* Debug */,
				42DE590E1C78312E006D047F /* Release */,
			);
			defaultConfigurationIsVisible = 0;
			defaultConfigurationName = Release;
		};
/* End XCConfigurationList section */

/* Begin XCVersionGroup section */
		42DE58E51C78312E006D047F /* DeshiRecipe.xcdatamodeld */ = {
			isa = XCVersionGroup;
			children = (
				42DE58E61C78312E006D047F /* DeshiRecipe.xcdatamodel */,
			);
			currentVersion = 42DE58E61C78312E006D047F /* DeshiRecipe.xcdatamodel */;
			path = DeshiRecipe.xcdatamodeld;
			sourceTree = "<group>";
			versionGroupType = wrapper.xcdatamodel;
		};
/* End XCVersionGroup section */
	};
	rootObject = 42DE58D31C78312E006D047F /* Project object */;
}
